PODS:
  - Alamofire (4.8.1)
  - Starscream (3.0.6)
  - SwiftyJSON (4.2.0)

DEPENDENCIES:
  - Alamofire
  - Starscream (~> 3.0.2)
  - SwiftyJSON (~> 4.0)

SPEC CHECKSUMS:
  Alamofire: 16ce2c353fb72865124ddae8a57c5942388f4f11
  Starscream: ef3ece99d765eeccb67de105bfa143f929026cf5
  SwiftyJSON: c4bcba26dd9ec7a027fc8eade48e2c911f229e96

PODFILE CHECKSUM: 70ec592e9efc2b21d2048b7ab00d983ee1b6460c

COCOAPODS: 1.4.0
