// !$*UTF8*$!
{
	archiveVersion = 1;
	classes = {
	};
	objectVersion = 50;
	objects = {

/* Begin PBXBuildFile section */
		358999804AB4042B415BBFEC /* Pods_GnomeGG.framework in Frameworks */ = {isa = PBXBuildFile; fileRef = 26DA3A29A62BA1F1DDFF7ED1 /* Pods_GnomeGG.framework */; };
		8D075A4B22A60BFD0024D028 /* UserTag.swift in Sources */ = {isa = PBXBuildFile; fileRef = 8D075A4A22A60BFD0024D028 /* UserTag.swift */; };
		8D075A4D22A630830024D028 /* StringSettingViewController.swift in Sources */ = {isa = PBXBuildFile; fileRef = 8D075A4C22A630830024D028 /* StringSettingViewController.swift */; };
		8D075A4F22A630B60024D028 /* StringSettingTableViewCell.swift in Sources */ = {isa = PBXBuildFile; fileRef = 8D075A4E22A630B60024D028 /* StringSettingTableViewCell.swift */; };
		8D2A838022A75C7900DF96D5 /* Roboto-Regular.ttf in Resources */ = {isa = PBXBuildFile; fileRef = 8D2A837F22A75C7900DF96D5 /* Roboto-Regular.ttf */; };
		8D2A838222A75C8500DF96D5 /* Roboto-Italic.ttf in Resources */ = {isa = PBXBuildFile; fileRef = 8D2A838122A75C8500DF96D5 /* Roboto-Italic.ttf */; };
		8D2A838422A760FD00DF96D5 /* PaddingLabel.swift in Sources */ = {isa = PBXBuildFile; fileRef = 8D2A838322A760FD00DF96D5 /* PaddingLabel.swift */; };
		8D448ACB22A996CB006EF687 /* LoginViewController.swift in Sources */ = {isa = PBXBuildFile; fileRef = 8D448ACA22A996CB006EF687 /* LoginViewController.swift */; };
		8D448ACD22A9C16C006EF687 /* WebKit.framework in Frameworks */ = {isa = PBXBuildFile; fileRef = 8D448ACC22A9C16C006EF687 /* WebKit.framework */; };
		8D5F446122AC589500CB413D /* UserTagListViewController.swift in Sources */ = {isa = PBXBuildFile; fileRef = 8D5F446022AC589500CB413D /* UserTagListViewController.swift */; };
		8D5F446322AC59ED00CB413D /* UserTagTableViewCell.swift in Sources */ = {isa = PBXBuildFile; fileRef = 8D5F446222AC59ED00CB413D /* UserTagTableViewCell.swift */; };
		8D696E4522AB15EB000FFF63 /* MessageListViewController.swift in Sources */ = {isa = PBXBuildFile; fileRef = 8D696E4422AB15EB000FFF63 /* MessageListViewController.swift */; };
		8D696E4722AB16B6000FFF63 /* MessageListingTableViewCell.swift in Sources */ = {isa = PBXBuildFile; fileRef = 8D696E4622AB16B6000FFF63 /* MessageListingTableViewCell.swift */; };
		8D696E4B22AB3D5B000FFF63 /* MessageViewController.swift in Sources */ = {isa = PBXBuildFile; fileRef = 8D696E4A22AB3D5B000FFF63 /* MessageViewController.swift */; };
		8D696E4D22AB652B000FFF63 /* LogListViewController.swift in Sources */ = {isa = PBXBuildFile; fileRef = 8D696E4C22AB652B000FFF63 /* LogListViewController.swift */; };
		8D696E4F22AB6668000FFF63 /* LogListTableViewCell.swift in Sources */ = {isa = PBXBuildFile; fileRef = 8D696E4E22AB6668000FFF63 /* LogListTableViewCell.swift */; };
		8D696E5122AB7804000FFF63 /* LogViewController.swift in Sources */ = {isa = PBXBuildFile; fileRef = 8D696E5022AB7804000FFF63 /* LogViewController.swift */; };
		8D696E5322ABAE11000FFF63 /* OverrustleLogViewController.swift in Sources */ = {isa = PBXBuildFile; fileRef = 8D696E5222ABAE11000FFF63 /* OverrustleLogViewController.swift */; };
		8D7BAC4922A23E0800A5E1E6 /* Settings.swift in Sources */ = {isa = PBXBuildFile; fileRef = 8D7BAC4822A23E0800A5E1E6 /* Settings.swift */; };
		8D7BAC4B22A25C0100A5E1E6 /* SettingsViewController.swift in Sources */ = {isa = PBXBuildFile; fileRef = 8D7BAC4A22A25C0100A5E1E6 /* SettingsViewController.swift */; };
		8D7BAC5222A458CE00A5E1E6 /* StalkListViewController.swift in Sources */ = {isa = PBXBuildFile; fileRef = 8D7BAC5122A458CE00A5E1E6 /* StalkListViewController.swift */; };
		8D7BAC5422A4670500A5E1E6 /* StringRecord.swift in Sources */ = {isa = PBXBuildFile; fileRef = 8D7BAC5322A4670500A5E1E6 /* StringRecord.swift */; };
		8D7BAC5622A46C1700A5E1E6 /* stringRecordTableViewCell.swift in Sources */ = {isa = PBXBuildFile; fileRef = 8D7BAC5522A46C1700A5E1E6 /* stringRecordTableViewCell.swift */; };
		8D7BAC5822A472E900A5E1E6 /* CustomTabBarController.swift in Sources */ = {isa = PBXBuildFile; fileRef = 8D7BAC5722A472E900A5E1E6 /* CustomTabBarController.swift */; };
		8D7BAC5A22A4C68A00A5E1E6 /* StalkViewController.swift in Sources */ = {isa = PBXBuildFile; fileRef = 8D7BAC5922A4C68A00A5E1E6 /* StalkViewController.swift */; };
		8D7BAC5C22A4DC5200A5E1E6 /* EmoteTableViewCell.swift in Sources */ = {isa = PBXBuildFile; fileRef = 8D7BAC5B22A4DC5200A5E1E6 /* EmoteTableViewCell.swift */; };
		8D7BAC5E22A4DC6000A5E1E6 /* FlairTableViewCell.swift in Sources */ = {isa = PBXBuildFile; fileRef = 8D7BAC5D22A4DC6000A5E1E6 /* FlairTableViewCell.swift */; };
		8D7BAC6022A4DCE000A5E1E6 /* EmoteListViewController.swift in Sources */ = {isa = PBXBuildFile; fileRef = 8D7BAC5F22A4DCE000A5E1E6 /* EmoteListViewController.swift */; };
		8D7BAC6222A4DCE900A5E1E6 /* FlairListViewController.swift in Sources */ = {isa = PBXBuildFile; fileRef = 8D7BAC6122A4DCE900A5E1E6 /* FlairListViewController.swift */; };
		8D7BAC6422A4E71100A5E1E6 /* ToolsViewController.swift in Sources */ = {isa = PBXBuildFile; fileRef = 8D7BAC6322A4E71100A5E1E6 /* ToolsViewController.swift */; };
		8D7BAC6622A4F79600A5E1E6 /* CustomNavigationViewController.swift in Sources */ = {isa = PBXBuildFile; fileRef = 8D7BAC6522A4F79600A5E1E6 /* CustomNavigationViewController.swift */; };
		8DCB087022A78484007C37AD /* SearchListViewController.swift in Sources */ = {isa = PBXBuildFile; fileRef = 8DCB086F22A78484007C37AD /* SearchListViewController.swift */; };
		8DCB087222A78749007C37AD /* SearchViewController.swift in Sources */ = {isa = PBXBuildFile; fileRef = 8DCB087122A78749007C37AD /* SearchViewController.swift */; };
		8DEA19ED22A0C67500ECB238 /* AppDelegate.swift in Sources */ = {isa = PBXBuildFile; fileRef = 8DEA19EC22A0C67500ECB238 /* AppDelegate.swift */; };
		8DEA19EF22A0C67500ECB238 /* ChatViewController.swift in Sources */ = {isa = PBXBuildFile; fileRef = 8DEA19EE22A0C67500ECB238 /* ChatViewController.swift */; };
		8DEA19F422A0C67500ECB238 /* Main.storyboard in Resources */ = {isa = PBXBuildFile; fileRef = 8DEA19F222A0C67500ECB238 /* Main.storyboard */; };
		8DEA19F622A0C67600ECB238 /* Assets.xcassets in Resources */ = {isa = PBXBuildFile; fileRef = 8DEA19F522A0C67600ECB238 /* Assets.xcassets */; };
		8DEA19F922A0C67600ECB238 /* LaunchScreen.storyboard in Resources */ = {isa = PBXBuildFile; fileRef = 8DEA19F722A0C67600ECB238 /* LaunchScreen.storyboard */; };
		8DEA1A0222A0D4F700ECB238 /* ChatTableViewCell.swift in Sources */ = {isa = PBXBuildFile; fileRef = 8DEA1A0122A0D4F700ECB238 /* ChatTableViewCell.swift */; };
		8DEA1A0522A0DDCA00ECB238 /* dggParser.swift in Sources */ = {isa = PBXBuildFile; fileRef = 8DEA1A0422A0DDCA00ECB238 /* dggParser.swift */; };
		8DEA1A0722A0F9FA00ECB238 /* dggAPI.swift in Sources */ = {isa = PBXBuildFile; fileRef = 8DEA1A0622A0F9FA00ECB238 /* dggAPI.swift */; };
/* End PBXBuildFile section */

/* Begin PBXFileReference section */
		26DA3A29A62BA1F1DDFF7ED1 /* Pods_GnomeGG.framework */ = {isa = PBXFileReference; explicitFileType = wrapper.framework; includeInIndex = 0; path = Pods_GnomeGG.framework; sourceTree = BUILT_PRODUCTS_DIR; };
		699A9900724567D4AEED2D21 /* Pods-GnomeGG.release.xcconfig */ = {isa = PBXFileReference; includeInIndex = 1; lastKnownFileType = text.xcconfig; name = "Pods-GnomeGG.release.xcconfig"; path = "Pods/Target Support Files/Pods-GnomeGG/Pods-GnomeGG.release.xcconfig"; sourceTree = "<group>"; };
		6EFB1CC601DA4F7BFCF73444 /* Pods-GnomeGG.debug.xcconfig */ = {isa = PBXFileReference; includeInIndex = 1; lastKnownFileType = text.xcconfig; name = "Pods-GnomeGG.debug.xcconfig"; path = "Pods/Target Support Files/Pods-GnomeGG/Pods-GnomeGG.debug.xcconfig"; sourceTree = "<group>"; };
		8D075A4A22A60BFD0024D028 /* UserTag.swift */ = {isa = PBXFileReference; lastKnownFileType = sourcecode.swift; path = UserTag.swift; sourceTree = "<group>"; };
		8D075A4C22A630830024D028 /* StringSettingViewController.swift */ = {isa = PBXFileReference; lastKnownFileType = sourcecode.swift; path = StringSettingViewController.swift; sourceTree = "<group>"; };
		8D075A4E22A630B60024D028 /* StringSettingTableViewCell.swift */ = {isa = PBXFileReference; lastKnownFileType = sourcecode.swift; path = StringSettingTableViewCell.swift; sourceTree = "<group>"; };
		8D2A837F22A75C7900DF96D5 /* Roboto-Regular.ttf */ = {isa = PBXFileReference; lastKnownFileType = file; path = "Roboto-Regular.ttf"; sourceTree = "<group>"; };
		8D2A838122A75C8500DF96D5 /* Roboto-Italic.ttf */ = {isa = PBXFileReference; lastKnownFileType = file; path = "Roboto-Italic.ttf"; sourceTree = "<group>"; };
		8D2A838322A760FD00DF96D5 /* PaddingLabel.swift */ = {isa = PBXFileReference; lastKnownFileType = sourcecode.swift; path = PaddingLabel.swift; sourceTree = "<group>"; };
		8D448ACA22A996CB006EF687 /* LoginViewController.swift */ = {isa = PBXFileReference; lastKnownFileType = sourcecode.swift; path = LoginViewController.swift; sourceTree = "<group>"; };
		8D448ACC22A9C16C006EF687 /* WebKit.framework */ = {isa = PBXFileReference; lastKnownFileType = wrapper.framework; name = WebKit.framework; path = System/Library/Frameworks/WebKit.framework; sourceTree = SDKROOT; };
		8D5F446022AC589500CB413D /* UserTagListViewController.swift */ = {isa = PBXFileReference; lastKnownFileType = sourcecode.swift; path = UserTagListViewController.swift; sourceTree = "<group>"; };
		8D5F446222AC59ED00CB413D /* UserTagTableViewCell.swift */ = {isa = PBXFileReference; lastKnownFileType = sourcecode.swift; path = UserTagTableViewCell.swift; sourceTree = "<group>"; };
		8D696E4422AB15EB000FFF63 /* MessageListViewController.swift */ = {isa = PBXFileReference; lastKnownFileType = sourcecode.swift; path = MessageListViewController.swift; sourceTree = "<group>"; };
		8D696E4622AB16B6000FFF63 /* MessageListingTableViewCell.swift */ = {isa = PBXFileReference; lastKnownFileType = sourcecode.swift; path = MessageListingTableViewCell.swift; sourceTree = "<group>"; };
		8D696E4A22AB3D5B000FFF63 /* MessageViewController.swift */ = {isa = PBXFileReference; lastKnownFileType = sourcecode.swift; path = MessageViewController.swift; sourceTree = "<group>"; };
		8D696E4C22AB652B000FFF63 /* LogListViewController.swift */ = {isa = PBXFileReference; lastKnownFileType = sourcecode.swift; path = LogListViewController.swift; sourceTree = "<group>"; };
		8D696E4E22AB6668000FFF63 /* LogListTableViewCell.swift */ = {isa = PBXFileReference; lastKnownFileType = sourcecode.swift; path = LogListTableViewCell.swift; sourceTree = "<group>"; };
		8D696E5022AB7804000FFF63 /* LogViewController.swift */ = {isa = PBXFileReference; lastKnownFileType = sourcecode.swift; path = LogViewController.swift; sourceTree = "<group>"; };
		8D696E5222ABAE11000FFF63 /* OverrustleLogViewController.swift */ = {isa = PBXFileReference; lastKnownFileType = sourcecode.swift; path = OverrustleLogViewController.swift; sourceTree = "<group>"; };
		8D7BAC4822A23E0800A5E1E6 /* Settings.swift */ = {isa = PBXFileReference; lastKnownFileType = sourcecode.swift; path = Settings.swift; sourceTree = "<group>"; };
		8D7BAC4A22A25C0100A5E1E6 /* SettingsViewController.swift */ = {isa = PBXFileReference; lastKnownFileType = sourcecode.swift; path = SettingsViewController.swift; sourceTree = "<group>"; };
		8D7BAC5122A458CE00A5E1E6 /* StalkListViewController.swift */ = {isa = PBXFileReference; lastKnownFileType = sourcecode.swift; path = StalkListViewController.swift; sourceTree = "<group>"; };
		8D7BAC5322A4670500A5E1E6 /* StringRecord.swift */ = {isa = PBXFileReference; lastKnownFileType = sourcecode.swift; path = StringRecord.swift; sourceTree = "<group>"; };
		8D7BAC5522A46C1700A5E1E6 /* stringRecordTableViewCell.swift */ = {isa = PBXFileReference; lastKnownFileType = sourcecode.swift; path = stringRecordTableViewCell.swift; sourceTree = "<group>"; };
		8D7BAC5722A472E900A5E1E6 /* CustomTabBarController.swift */ = {isa = PBXFileReference; lastKnownFileType = sourcecode.swift; path = CustomTabBarController.swift; sourceTree = "<group>"; };
		8D7BAC5922A4C68A00A5E1E6 /* StalkViewController.swift */ = {isa = PBXFileReference; lastKnownFileType = sourcecode.swift; path = StalkViewController.swift; sourceTree = "<group>"; };
		8D7BAC5B22A4DC5200A5E1E6 /* EmoteTableViewCell.swift */ = {isa = PBXFileReference; lastKnownFileType = sourcecode.swift; path = EmoteTableViewCell.swift; sourceTree = "<group>"; };
		8D7BAC5D22A4DC6000A5E1E6 /* FlairTableViewCell.swift */ = {isa = PBXFileReference; lastKnownFileType = sourcecode.swift; path = FlairTableViewCell.swift; sourceTree = "<group>"; };
		8D7BAC5F22A4DCE000A5E1E6 /* EmoteListViewController.swift */ = {isa = PBXFileReference; lastKnownFileType = sourcecode.swift; path = EmoteListViewController.swift; sourceTree = "<group>"; };
		8D7BAC6122A4DCE900A5E1E6 /* FlairListViewController.swift */ = {isa = PBXFileReference; lastKnownFileType = sourcecode.swift; path = FlairListViewController.swift; sourceTree = "<group>"; };
		8D7BAC6322A4E71100A5E1E6 /* ToolsViewController.swift */ = {isa = PBXFileReference; lastKnownFileType = sourcecode.swift; path = ToolsViewController.swift; sourceTree = "<group>"; };
		8D7BAC6522A4F79600A5E1E6 /* CustomNavigationViewController.swift */ = {isa = PBXFileReference; lastKnownFileType = sourcecode.swift; path = CustomNavigationViewController.swift; sourceTree = "<group>"; };
		8DCB086F22A78484007C37AD /* SearchListViewController.swift */ = {isa = PBXFileReference; lastKnownFileType = sourcecode.swift; path = SearchListViewController.swift; sourceTree = "<group>"; };
		8DCB087122A78749007C37AD /* SearchViewController.swift */ = {isa = PBXFileReference; lastKnownFileType = sourcecode.swift; path = SearchViewController.swift; sourceTree = "<group>"; };
		8DEA19E922A0C67500ECB238 /* GnomeGG.app */ = {isa = PBXFileReference; explicitFileType = wrapper.application; includeInIndex = 0; path = GnomeGG.app; sourceTree = BUILT_PRODUCTS_DIR; };
		8DEA19EC22A0C67500ECB238 /* AppDelegate.swift */ = {isa = PBXFileReference; lastKnownFileType = sourcecode.swift; path = AppDelegate.swift; sourceTree = "<group>"; };
		8DEA19EE22A0C67500ECB238 /* ChatViewController.swift */ = {isa = PBXFileReference; lastKnownFileType = sourcecode.swift; path = ChatViewController.swift; sourceTree = "<group>"; };
		8DEA19F322A0C67500ECB238 /* Base */ = {isa = PBXFileReference; lastKnownFileType = file.storyboard; name = Base; path = Base.lproj/Main.storyboard; sourceTree = "<group>"; };
		8DEA19F522A0C67600ECB238 /* Assets.xcassets */ = {isa = PBXFileReference; lastKnownFileType = folder.assetcatalog; path = Assets.xcassets; sourceTree = "<group>"; };
		8DEA19F822A0C67600ECB238 /* Base */ = {isa = PBXFileReference; lastKnownFileType = file.storyboard; name = Base; path = Base.lproj/LaunchScreen.storyboard; sourceTree = "<group>"; };
		8DEA19FA22A0C67600ECB238 /* Info.plist */ = {isa = PBXFileReference; lastKnownFileType = text.plist.xml; path = Info.plist; sourceTree = "<group>"; };
		8DEA1A0122A0D4F700ECB238 /* ChatTableViewCell.swift */ = {isa = PBXFileReference; lastKnownFileType = sourcecode.swift; path = ChatTableViewCell.swift; sourceTree = "<group>"; };
		8DEA1A0422A0DDCA00ECB238 /* dggParser.swift */ = {isa = PBXFileReference; lastKnownFileType = sourcecode.swift; path = dggParser.swift; sourceTree = "<group>"; };
		8DEA1A0622A0F9FA00ECB238 /* dggAPI.swift */ = {isa = PBXFileReference; lastKnownFileType = sourcecode.swift; path = dggAPI.swift; sourceTree = "<group>"; };
/* End PBXFileReference section */

/* Begin PBXFrameworksBuildPhase section */
		8DEA19E622A0C67500ECB238 /* Frameworks */ = {
			isa = PBXFrameworksBuildPhase;
			buildActionMask = 2147483647;
			files = (
				8D448ACD22A9C16C006EF687 /* WebKit.framework in Frameworks */,
				358999804AB4042B415BBFEC /* Pods_GnomeGG.framework in Frameworks */,
			);
			runOnlyForDeploymentPostprocessing = 0;
		};
/* End PBXFrameworksBuildPhase section */

/* Begin PBXGroup section */
		7781EC485B06542DFB3B2BBE /* Frameworks */ = {
			isa = PBXGroup;
			children = (
				8D448ACC22A9C16C006EF687 /* WebKit.framework */,
				26DA3A29A62BA1F1DDFF7ED1 /* Pods_GnomeGG.framework */,
			);
			name = Frameworks;
			sourceTree = "<group>";
		};
		8D2A837E22A75C5B00DF96D5 /* Fonts */ = {
			isa = PBXGroup;
			children = (
				8D2A837F22A75C7900DF96D5 /* Roboto-Regular.ttf */,
				8D2A838122A75C8500DF96D5 /* Roboto-Italic.ttf */,
			);
			path = Fonts;
			sourceTree = "<group>";
		};
		8D7BAC5022A4549D00A5E1E6 /* ViewControllers */ = {
			isa = PBXGroup;
			children = (
				8DEA19EE22A0C67500ECB238 /* ChatViewController.swift */,
				8D7BAC4A22A25C0100A5E1E6 /* SettingsViewController.swift */,
				8D7BAC5122A458CE00A5E1E6 /* StalkListViewController.swift */,
				8DCB086F22A78484007C37AD /* SearchListViewController.swift */,
				8D7BAC5F22A4DCE000A5E1E6 /* EmoteListViewController.swift */,
				8D7BAC6122A4DCE900A5E1E6 /* FlairListViewController.swift */,
				8D7BAC6322A4E71100A5E1E6 /* ToolsViewController.swift */,
				8D075A4C22A630830024D028 /* StringSettingViewController.swift */,
				8D448ACA22A996CB006EF687 /* LoginViewController.swift */,
				8D696E4422AB15EB000FFF63 /* MessageListViewController.swift */,
				8D696E4A22AB3D5B000FFF63 /* MessageViewController.swift */,
				8D696E4C22AB652B000FFF63 /* LogListViewController.swift */,
				8D696E5022AB7804000FFF63 /* LogViewController.swift */,
				8D696E5222ABAE11000FFF63 /* OverrustleLogViewController.swift */,
				8D7BAC5922A4C68A00A5E1E6 /* StalkViewController.swift */,
				8DCB087122A78749007C37AD /* SearchViewController.swift */,
				8D5F446022AC589500CB413D /* UserTagListViewController.swift */,
			);
			path = ViewControllers;
			sourceTree = "<group>";
		};
		8DEA19E022A0C67500ECB238 = {
			isa = PBXGroup;
			children = (
				8DEA19EB22A0C67500ECB238 /* GnomeGG */,
				8DEA19EA22A0C67500ECB238 /* Products */,
				ED411024BC86691B43DA81B4 /* Pods */,
				7781EC485B06542DFB3B2BBE /* Frameworks */,
			);
			sourceTree = "<group>";
		};
		8DEA19EA22A0C67500ECB238 /* Products */ = {
			isa = PBXGroup;
			children = (
				8DEA19E922A0C67500ECB238 /* GnomeGG.app */,
			);
			name = Products;
			sourceTree = "<group>";
		};
		8DEA19EB22A0C67500ECB238 /* GnomeGG */ = {
			isa = PBXGroup;
			children = (
				8D2A837E22A75C5B00DF96D5 /* Fonts */,
				8DEA1A0322A0DD3600ECB238 /* Types */,
				8DEA1A0022A0D4E000ECB238 /* TableCells */,
				8DEA19EC22A0C67500ECB238 /* AppDelegate.swift */,
				8D7BAC5022A4549D00A5E1E6 /* ViewControllers */,
				8D7BAC4822A23E0800A5E1E6 /* Settings.swift */,
				8DEA19F222A0C67500ECB238 /* Main.storyboard */,
				8DEA19F522A0C67600ECB238 /* Assets.xcassets */,
				8DEA19F722A0C67600ECB238 /* LaunchScreen.storyboard */,
				8DEA19FA22A0C67600ECB238 /* Info.plist */,
				8D7BAC5722A472E900A5E1E6 /* CustomTabBarController.swift */,
				8D7BAC6522A4F79600A5E1E6 /* CustomNavigationViewController.swift */,
				8D2A838322A760FD00DF96D5 /* PaddingLabel.swift */,
			);
			path = GnomeGG;
			sourceTree = "<group>";
		};
		8DEA1A0022A0D4E000ECB238 /* TableCells */ = {
			isa = PBXGroup;
			children = (
				8DEA1A0122A0D4F700ECB238 /* ChatTableViewCell.swift */,
				8D7BAC5522A46C1700A5E1E6 /* stringRecordTableViewCell.swift */,
				8D7BAC5B22A4DC5200A5E1E6 /* EmoteTableViewCell.swift */,
				8D7BAC5D22A4DC6000A5E1E6 /* FlairTableViewCell.swift */,
				8D075A4E22A630B60024D028 /* StringSettingTableViewCell.swift */,
				8D696E4622AB16B6000FFF63 /* MessageListingTableViewCell.swift */,
				8D696E4E22AB6668000FFF63 /* LogListTableViewCell.swift */,
				8D5F446222AC59ED00CB413D /* UserTagTableViewCell.swift */,
			);
			path = TableCells;
			sourceTree = "<group>";
		};
		8DEA1A0322A0DD3600ECB238 /* Types */ = {
			isa = PBXGroup;
			children = (
				8DEA1A0422A0DDCA00ECB238 /* dggParser.swift */,
				8DEA1A0622A0F9FA00ECB238 /* dggAPI.swift */,
				8D7BAC5322A4670500A5E1E6 /* StringRecord.swift */,
				8D075A4A22A60BFD0024D028 /* UserTag.swift */,
			);
			path = Types;
			sourceTree = "<group>";
		};
		ED411024BC86691B43DA81B4 /* Pods */ = {
			isa = PBXGroup;
			children = (
				6EFB1CC601DA4F7BFCF73444 /* Pods-GnomeGG.debug.xcconfig */,
				699A9900724567D4AEED2D21 /* Pods-GnomeGG.release.xcconfig */,
			);
			name = Pods;
			sourceTree = "<group>";
		};
/* End PBXGroup section */

/* Begin PBXNativeTarget section */
		8DEA19E822A0C67500ECB238 /* GnomeGG */ = {
			isa = PBXNativeTarget;
			buildConfigurationList = 8DEA19FD22A0C67600ECB238 /* Build configuration list for PBXNativeTarget "GnomeGG" */;
			buildPhases = (
				F62699E66D427CA859762165 /* [CP] Check Pods Manifest.lock */,
				8DEA19E522A0C67500ECB238 /* Sources */,
				8DEA19E622A0C67500ECB238 /* Frameworks */,
				8DEA19E722A0C67500ECB238 /* Resources */,
				8A490C1A2C14B13C64ECA0FD /* [CP] Embed Pods Frameworks */,
			);
			buildRules = (
			);
			dependencies = (
			);
			name = GnomeGG;
			productName = GnomeGG;
			productReference = 8DEA19E922A0C67500ECB238 /* GnomeGG.app */;
			productType = "com.apple.product-type.application";
		};
/* End PBXNativeTarget section */

/* Begin PBXProject section */
		8DEA19E122A0C67500ECB238 /* Project object */ = {
			isa = PBXProject;
			attributes = {
				LastSwiftUpdateCheck = 1020;
				LastUpgradeCheck = 1020;
				ORGANIZATIONNAME = "Kirill Voloshin";
				TargetAttributes = {
					8DEA19E822A0C67500ECB238 = {
						CreatedOnToolsVersion = 10.2.1;
					};
				};
			};
			buildConfigurationList = 8DEA19E422A0C67500ECB238 /* Build configuration list for PBXProject "GnomeGG" */;
			compatibilityVersion = "Xcode 9.3";
			developmentRegion = en;
			hasScannedForEncodings = 0;
			knownRegions = (
				en,
				Base,
			);
			mainGroup = 8DEA19E022A0C67500ECB238;
			productRefGroup = 8DEA19EA22A0C67500ECB238 /* Products */;
			projectDirPath = "";
			projectRoot = "";
			targets = (
				8DEA19E822A0C67500ECB238 /* GnomeGG */,
			);
		};
/* End PBXProject section */

/* Begin PBXResourcesBuildPhase section */
		8DEA19E722A0C67500ECB238 /* Resources */ = {
			isa = PBXResourcesBuildPhase;
			buildActionMask = 2147483647;
			files = (
				8DEA19F922A0C67600ECB238 /* LaunchScreen.storyboard in Resources */,
				8DEA19F622A0C67600ECB238 /* Assets.xcassets in Resources */,
				8D2A838222A75C8500DF96D5 /* Roboto-Italic.ttf in Resources */,
				8D2A838022A75C7900DF96D5 /* Roboto-Regular.ttf in Resources */,
				8DEA19F422A0C67500ECB238 /* Main.storyboard in Resources */,
			);
			runOnlyForDeploymentPostprocessing = 0;
		};
/* End PBXResourcesBuildPhase section */

/* Begin PBXShellScriptBuildPhase section */
		8A490C1A2C14B13C64ECA0FD /* [CP] Embed Pods Frameworks */ = {
			isa = PBXShellScriptBuildPhase;
			buildActionMask = 2147483647;
			files = (
			);
			inputFileListPaths = (
				"${PODS_ROOT}/Target Support Files/Pods-GnomeGG/Pods-GnomeGG-frameworks-${CONFIGURATION}-input-files.xcfilelist",
			);
			name = "[CP] Embed Pods Frameworks";
			outputFileListPaths = (
				"${PODS_ROOT}/Target Support Files/Pods-GnomeGG/Pods-GnomeGG-frameworks-${CONFIGURATION}-output-files.xcfilelist",
			);
			runOnlyForDeploymentPostprocessing = 0;
			shellPath = /bin/sh;
			shellScript = "\"${PODS_ROOT}/Target Support Files/Pods-GnomeGG/Pods-GnomeGG-frameworks.sh\"\n";
			showEnvVarsInLog = 0;
		};
		F62699E66D427CA859762165 /* [CP] Check Pods Manifest.lock */ = {
			isa = PBXShellScriptBuildPhase;
			buildActionMask = 2147483647;
			files = (
			);
			inputPaths = (
				"${PODS_PODFILE_DIR_PATH}/Podfile.lock",
				"${PODS_ROOT}/Manifest.lock",
			);
			name = "[CP] Check Pods Manifest.lock";
			outputPaths = (
				"$(DERIVED_FILE_DIR)/Pods-GnomeGG-checkManifestLockResult.txt",
			);
			runOnlyForDeploymentPostprocessing = 0;
			shellPath = /bin/sh;
			shellScript = "diff \"${PODS_PODFILE_DIR_PATH}/Podfile.lock\" \"${PODS_ROOT}/Manifest.lock\" > /dev/null\nif [ $? != 0 ] ; then\n    # print error to STDERR\n    echo \"error: The sandbox is not in sync with the Podfile.lock. Run 'pod install' or update your CocoaPods installation.\" >&2\n    exit 1\nfi\n# This output is used by Xcode 'outputs' to avoid re-running this script phase.\necho \"SUCCESS\" > \"${SCRIPT_OUTPUT_FILE_0}\"\n";
			showEnvVarsInLog = 0;
		};
/* End PBXShellScriptBuildPhase section */

/* Begin PBXSourcesBuildPhase section */
		8DEA19E522A0C67500ECB238 /* Sources */ = {
			isa = PBXSourcesBuildPhase;
			buildActionMask = 2147483647;
			files = (
				8D7BAC6622A4F79600A5E1E6 /* CustomNavigationViewController.swift in Sources */,
				8D7BAC6222A4DCE900A5E1E6 /* FlairListViewController.swift in Sources */,
				8D5F446122AC589500CB413D /* UserTagListViewController.swift in Sources */,
				8D7BAC5422A4670500A5E1E6 /* StringRecord.swift in Sources */,
				8D7BAC5C22A4DC5200A5E1E6 /* EmoteTableViewCell.swift in Sources */,
				8D7BAC4922A23E0800A5E1E6 /* Settings.swift in Sources */,
				8D7BAC5E22A4DC6000A5E1E6 /* FlairTableViewCell.swift in Sources */,
				8D696E4722AB16B6000FFF63 /* MessageListingTableViewCell.swift in Sources */,
				8DCB087222A78749007C37AD /* SearchViewController.swift in Sources */,
				8D696E5322ABAE11000FFF63 /* OverrustleLogViewController.swift in Sources */,
				8DEA1A0222A0D4F700ECB238 /* ChatTableViewCell.swift in Sources */,
				8D7BAC5222A458CE00A5E1E6 /* StalkListViewController.swift in Sources */,
				8D696E4B22AB3D5B000FFF63 /* MessageViewController.swift in Sources */,
				8D075A4B22A60BFD0024D028 /* UserTag.swift in Sources */,
				8D696E4D22AB652B000FFF63 /* LogListViewController.swift in Sources */,
				8D7BAC5822A472E900A5E1E6 /* CustomTabBarController.swift in Sources */,
				8D2A838422A760FD00DF96D5 /* PaddingLabel.swift in Sources */,
				8DEA1A0522A0DDCA00ECB238 /* dggParser.swift in Sources */,
				8D7BAC6022A4DCE000A5E1E6 /* EmoteListViewController.swift in Sources */,
				8D448ACB22A996CB006EF687 /* LoginViewController.swift in Sources */,
				8D696E5122AB7804000FFF63 /* LogViewController.swift in Sources */,
				8D696E4522AB15EB000FFF63 /* MessageListViewController.swift in Sources */,
				8D5F446322AC59ED00CB413D /* UserTagTableViewCell.swift in Sources */,
				8D696E4F22AB6668000FFF63 /* LogListTableViewCell.swift in Sources */,
				8D075A4D22A630830024D028 /* StringSettingViewController.swift in Sources */,
				8DEA19ED22A0C67500ECB238 /* AppDelegate.swift in Sources */,
				8DCB087022A78484007C37AD /* SearchListViewController.swift in Sources */,
				8DEA19EF22A0C67500ECB238 /* ChatViewController.swift in Sources */,
				8D7BAC6422A4E71100A5E1E6 /* ToolsViewController.swift in Sources */,
				8D075A4F22A630B60024D028 /* StringSettingTableViewCell.swift in Sources */,
				8DEA1A0722A0F9FA00ECB238 /* dggAPI.swift in Sources */,
				8D7BAC5622A46C1700A5E1E6 /* stringRecordTableViewCell.swift in Sources */,
				8D7BAC5A22A4C68A00A5E1E6 /* StalkViewController.swift in Sources */,
				8D7BAC4B22A25C0100A5E1E6 /* SettingsViewController.swift in Sources */,
			);
			runOnlyForDeploymentPostprocessing = 0;
		};
/* End PBXSourcesBuildPhase section */

/* Begin PBXVariantGroup section */
		8DEA19F222A0C67500ECB238 /* Main.storyboard */ = {
			isa = PBXVariantGroup;
			children = (
				8DEA19F322A0C67500ECB238 /* Base */,
			);
			name = Main.storyboard;
			sourceTree = "<group>";
		};
		8DEA19F722A0C67600ECB238 /* LaunchScreen.storyboard */ = {
			isa = PBXVariantGroup;
			children = (
				8DEA19F822A0C67600ECB238 /* Base */,
			);
			name = LaunchScreen.storyboard;
			sourceTree = "<group>";
		};
/* End PBXVariantGroup section */

/* Begin XCBuildConfiguration section */
		8DEA19FB22A0C67600ECB238 /* Debug */ = {
			isa = XCBuildConfiguration;
			buildSettings = {
				ALWAYS_SEARCH_USER_PATHS = NO;
				CLANG_ANALYZER_NONNULL = YES;
				CLANG_ANALYZER_NUMBER_OBJECT_CONVERSION = YES_AGGRESSIVE;
				CLANG_CXX_LANGUAGE_STANDARD = "gnu++14";
				CLANG_CXX_LIBRARY = "libc++";
				CLANG_ENABLE_MODULES = YES;
				CLANG_ENABLE_OBJC_ARC = YES;
				CLANG_ENABLE_OBJC_WEAK = YES;
				CLANG_WARN_BLOCK_CAPTURE_AUTORELEASING = YES;
				CLANG_WARN_BOOL_CONVERSION = YES;
				CLANG_WARN_COMMA = YES;
				CLANG_WARN_CONSTANT_CONVERSION = YES;
				CLANG_WARN_DEPRECATED_OBJC_IMPLEMENTATIONS = YES;
				CLANG_WARN_DIRECT_OBJC_ISA_USAGE = YES_ERROR;
				CLANG_WARN_DOCUMENTATION_COMMENTS = YES;
				CLANG_WARN_EMPTY_BODY = YES;
				CLANG_WARN_ENUM_CONVERSION = YES;
				CLANG_WARN_INFINITE_RECURSION = YES;
				CLANG_WARN_INT_CONVERSION = YES;
				CLANG_WARN_NON_LITERAL_NULL_CONVERSION = YES;
				CLANG_WARN_OBJC_IMPLICIT_RETAIN_SELF = YES;
				CLANG_WARN_OBJC_LITERAL_CONVERSION = YES;
				CLANG_WARN_OBJC_ROOT_CLASS = YES_ERROR;
				CLANG_WARN_RANGE_LOOP_ANALYSIS = YES;
				CLANG_WARN_STRICT_PROTOTYPES = YES;
				CLANG_WARN_SUSPICIOUS_MOVE = YES;
				CLANG_WARN_UNGUARDED_AVAILABILITY = YES_AGGRESSIVE;
				CLANG_WARN_UNREACHABLE_CODE = YES;
				CLANG_WARN__DUPLICATE_METHOD_MATCH = YES;
				CODE_SIGN_IDENTITY = "iPhone Developer";
				COPY_PHASE_STRIP = NO;
				DEBUG_INFORMATION_FORMAT = dwarf;
				ENABLE_STRICT_OBJC_MSGSEND = YES;
				ENABLE_TESTABILITY = YES;
				GCC_C_LANGUAGE_STANDARD = gnu11;
				GCC_DYNAMIC_NO_PIC = NO;
				GCC_NO_COMMON_BLOCKS = YES;
				GCC_OPTIMIZATION_LEVEL = 0;
				GCC_PREPROCESSOR_DEFINITIONS = (
					"DEBUG=1",
					"$(inherited)",
				);
				GCC_WARN_64_TO_32_BIT_CONVERSION = YES;
				GCC_WARN_ABOUT_RETURN_TYPE = YES_ERROR;
				GCC_WARN_UNDECLARED_SELECTOR = YES;
				GCC_WARN_UNINITIALIZED_AUTOS = YES_AGGRESSIVE;
				GCC_WARN_UNUSED_FUNCTION = YES;
				GCC_WARN_UNUSED_VARIABLE = YES;
				IPHONEOS_DEPLOYMENT_TARGET = 12.2;
				MTL_ENABLE_DEBUG_INFO = INCLUDE_SOURCE;
				MTL_FAST_MATH = YES;
				ONLY_ACTIVE_ARCH = YES;
				SDKROOT = iphoneos;
				SWIFT_ACTIVE_COMPILATION_CONDITIONS = DEBUG;
				SWIFT_OPTIMIZATION_LEVEL = "-Onone";
			};
			name = Debug;
		};
		8DEA19FC22A0C67600ECB238 /* Release */ = {
			isa = XCBuildConfiguration;
			buildSettings = {
				ALWAYS_SEARCH_USER_PATHS = NO;
				CLANG_ANALYZER_NONNULL = YES;
				CLANG_ANALYZER_NUMBER_OBJECT_CONVERSION = YES_AGGRESSIVE;
				CLANG_CXX_LANGUAGE_STANDARD = "gnu++14";
				CLANG_CXX_LIBRARY = "libc++";
				CLANG_ENABLE_MODULES = YES;
				CLANG_ENABLE_OBJC_ARC = YES;
				CLANG_ENABLE_OBJC_WEAK = YES;
				CLANG_WARN_BLOCK_CAPTURE_AUTORELEASING = YES;
				CLANG_WARN_BOOL_CONVERSION = YES;
				CLANG_WARN_COMMA = YES;
				CLANG_WARN_CONSTANT_CONVERSION = YES;
				CLANG_WARN_DEPRECATED_OBJC_IMPLEMENTATIONS = YES;
				CLANG_WARN_DIRECT_OBJC_ISA_USAGE = YES_ERROR;
				CLANG_WARN_DOCUMENTATION_COMMENTS = YES;
				CLANG_WARN_EMPTY_BODY = YES;
				CLANG_WARN_ENUM_CONVERSION = YES;
				CLANG_WARN_INFINITE_RECURSION = YES;
				CLANG_WARN_INT_CONVERSION = YES;
				CLANG_WARN_NON_LITERAL_NULL_CONVERSION = YES;
				CLANG_WARN_OBJC_IMPLICIT_RETAIN_SELF = YES;
				CLANG_WARN_OBJC_LITERAL_CONVERSION = YES;
				CLANG_WARN_OBJC_ROOT_CLASS = YES_ERROR;
				CLANG_WARN_RANGE_LOOP_ANALYSIS = YES;
				CLANG_WARN_STRICT_PROTOTYPES = YES;
				CLANG_WARN_SUSPICIOUS_MOVE = YES;
				CLANG_WARN_UNGUARDED_AVAILABILITY = YES_AGGRESSIVE;
				CLANG_WARN_UNREACHABLE_CODE = YES;
				CLANG_WARN__DUPLICATE_METHOD_MATCH = YES;
				CODE_SIGN_IDENTITY = "iPhone Developer";
				COPY_PHASE_STRIP = NO;
				DEBUG_INFORMATION_FORMAT = "dwarf-with-dsym";
				ENABLE_NS_ASSERTIONS = NO;
				ENABLE_STRICT_OBJC_MSGSEND = YES;
				GCC_C_LANGUAGE_STANDARD = gnu11;
				GCC_NO_COMMON_BLOCKS = YES;
				GCC_WARN_64_TO_32_BIT_CONVERSION = YES;
				GCC_WARN_ABOUT_RETURN_TYPE = YES_ERROR;
				GCC_WARN_UNDECLARED_SELECTOR = YES;
				GCC_WARN_UNINITIALIZED_AUTOS = YES_AGGRESSIVE;
				GCC_WARN_UNUSED_FUNCTION = YES;
				GCC_WARN_UNUSED_VARIABLE = YES;
				IPHONEOS_DEPLOYMENT_TARGET = 12.2;
				MTL_ENABLE_DEBUG_INFO = NO;
				MTL_FAST_MATH = YES;
				SDKROOT = iphoneos;
				SWIFT_COMPILATION_MODE = wholemodule;
				SWIFT_OPTIMIZATION_LEVEL = "-O";
				VALIDATE_PRODUCT = YES;
			};
			name = Release;
		};
		8DEA19FE22A0C67600ECB238 /* Debug */ = {
			isa = XCBuildConfiguration;
			baseConfigurationReference = 6EFB1CC601DA4F7BFCF73444 /* Pods-GnomeGG.debug.xcconfig */;
			buildSettings = {
				ASSETCATALOG_COMPILER_APPICON_NAME = AppIcon;
				CODE_SIGN_STYLE = Automatic;
				DEVELOPMENT_TEAM = 8CM57Q439Z;
				INFOPLIST_FILE = GnomeGG/Info.plist;
				LD_RUNPATH_SEARCH_PATHS = (
					"$(inherited)",
					"@executable_path/Frameworks",
				);
				PRODUCT_BUNDLE_IDENTIFIER = me.polecat.GnomeGG;
				PRODUCT_NAME = "$(TARGET_NAME)";
				SWIFT_VERSION = 5.0;
				TARGETED_DEVICE_FAMILY = "1,2";
			};
			name = Debug;
		};
		8DEA19FF22A0C67600ECB238 /* Release */ = {
			isa = XCBuildConfiguration;
			baseConfigurationReference = 699A9900724567D4AEED2D21 /* Pods-GnomeGG.release.xcconfig */;
			buildSettings = {
				ASSETCATALOG_COMPILER_APPICON_NAME = AppIcon;
				CODE_SIGN_STYLE = Automatic;
				DEVELOPMENT_TEAM = 8CM57Q439Z;
				INFOPLIST_FILE = GnomeGG/Info.plist;
				LD_RUNPATH_SEARCH_PATHS = (
					"$(inherited)",
					"@executable_path/Frameworks",
				);
				PRODUCT_BUNDLE_IDENTIFIER = me.polecat.GnomeGG;
				PRODUCT_NAME = "$(TARGET_NAME)";
				SWIFT_VERSION = 5.0;
				TARGETED_DEVICE_FAMILY = "1,2";
			};
			name = Release;
		};
/* End XCBuildConfiguration section */

/* Begin XCConfigurationList section */
		8DEA19E422A0C67500ECB238 /* Build configuration list for PBXProject "GnomeGG" */ = {
			isa = XCConfigurationList;
			buildConfigurations = (
				8DEA19FB22A0C67600ECB238 /* Debug */,
				8DEA19FC22A0C67600ECB238 /* Release */,
			);
			defaultConfigurationIsVisible = 0;
			defaultConfigurationName = Release;
		};
		8DEA19FD22A0C67600ECB238 /* Build configuration list for PBXNativeTarget "GnomeGG" */ = {
			isa = XCConfigurationList;
			buildConfigurations = (
				8DEA19FE22A0C67600ECB238 /* Debug */,
				8DEA19FF22A0C67600ECB238 /* Release */,
			);
			defaultConfigurationIsVisible = 0;
			defaultConfigurationName = Release;
		};
/* End XCConfigurationList section */
	};
	rootObject = 8DEA19E122A0C67500ECB238 /* Project object */;
}
